
Microsoft Visual Studio Solution File, Format Version 12.00
# Visual Studio Version 16
VisualStudioVersion = 16.0.31515.178
MinimumVisualStudioVersion = 10.0.40219.1
Project("{FAE04EC0-301F-11D3-BF4B-00C04F79EFBC}") = "ProyectoFundacion", "ProyectoFundacion\ProyectoFundacion.csproj", "{C945A790-6F8C-4227-B247-E6BE6A524B4B}"
EndProject
Global
	GlobalSection(SolutionConfigurationPlatforms) = preSolution
		Debug|Any CPU = Debug|Any CPU
		Release|Any CPU = Release|Any CPU
	EndGlobalSection
	GlobalSection(ProjectConfigurationPlatforms) = postSolution
		{C945A790-6F8C-4227-B247-E6BE6A524B4B}.Debug|Any CPU.ActiveCfg = Debug|Any CPU
		{C945A790-6F8C-4227-B247-E6BE6A524B4B}.Debug|Any CPU.Build.0 = Debug|Any CPU
		{C945A790-6F8C-4227-B247-E6BE6A524B4B}.Release|Any CPU.ActiveCfg = Release|Any CPU
		{C945A790-6F8C-4227-B247-E6BE6A524B4B}.Release|Any CPU.Build.0 = Release|Any CPU
	EndGlobalSection
	GlobalSection(SolutionProperties) = preSolution
		HideSolutionNode = FALSE
	EndGlobalSection
	GlobalSection(ExtensibilityGlobals) = postSolution
		SolutionGuid = {0678E07C-B577-4996-821E-9BC90D72D78D}
	EndGlobalSection
EndGlobal
